
Microsoft Visual Studio Solution File, Format Version 12.00
# Visual Studio 15
VisualStudioVersion = 15.0.27703.2042
MinimumVisualStudioVersion = 10.0.40219.1
Project("{8BC9CEB8-8B4A-11D0-8D11-00A0C91BC942}") = "IORegulationCH11", "IORegulationCH11.vcxproj", "{6505EE09-ECE2-46F5-BA11-4DA49EA214E7}"
EndProject
Global
	GlobalSection(SolutionConfigurationPlatforms) = preSolution
		Debug|x64 = Debug|x64
		Debug|x86 = Debug|x86
		Release|x64 = Release|x64
		Release|x86 = Release|x86
	EndGlobalSection
	GlobalSection(ProjectConfigurationPlatforms) = postSolution
		{6505EE09-ECE2-46F5-BA11-4DA49EA214E7}.Debug|x64.ActiveCfg = Debug|x64
		{6505EE09-ECE2-46F5-BA11-4DA49EA214E7}.Debug|x64.Build.0 = Debug|x64
		{6505EE09-ECE2-46F5-BA11-4DA49EA214E7}.Debug|x86.ActiveCfg = Debug|Win32
		{6505EE09-ECE2-46F5-BA11-4DA49EA214E7}.Debug|x86.Build.0 = Debug|Win32
		{6505EE09-ECE2-46F5-BA11-4DA49EA214E7}.Release|x64.ActiveCfg = Release|x64
		{6505EE09-ECE2-46F5-BA11-4DA49EA214E7}.Release|x64.Build.0 = Release|x64
		{6505EE09-ECE2-46F5-BA11-4DA49EA214E7}.Release|x86.ActiveCfg = Release|Win32
		{6505EE09-ECE2-46F5-BA11-4DA49EA214E7}.Release|x86.Build.0 = Release|Win32
	EndGlobalSection
	GlobalSection(SolutionProperties) = preSolution
		HideSolutionNode = FALSE
	EndGlobalSection
	GlobalSection(ExtensibilityGlobals) = postSolution
		SolutionGuid = {69274B6E-A9E8-4AA1-AEA5-46F03C10CA7C}
	EndGlobalSection
EndGlobal
